
Microsoft Visual Studio Solution File, Format Version 12.00
# Visual Studio Version 16
VisualStudioVersion = 16.0.33423.256
MinimumVisualStudioVersion = 10.0.40219.1
Project("{FAE04EC0-301F-11D3-BF4B-00C04F79EFBC}") = "ControleDeEstoque.Web", "ControleDeEstoque.Web\ControleDeEstoque.Web.csproj", "{E2D44262-DDE5-4821-904F-45914D0C7E28}"
EndProject
Project("{FAE04EC0-301F-11D3-BF4B-00C04F79EFBC}") = "CSRF.Web", "CSRF.Web\CSRF.Web.csproj", "{22F01A26-FC74-4AF9-A210-F6F568A51112}"
EndProject
Global
	GlobalSection(SolutionConfigurationPlatforms) = preSolution
		Debug|Any CPU = Debug|Any CPU
		Release|Any CPU = Release|Any CPU
	EndGlobalSection
	GlobalSection(ProjectConfigurationPlatforms) = postSolution
		{E2D44262-DDE5-4821-904F-45914D0C7E28}.Debug|Any CPU.ActiveCfg = Debug|Any CPU
		{E2D44262-DDE5-4821-904F-45914D0C7E28}.Debug|Any CPU.Build.0 = Debug|Any CPU
		{E2D44262-DDE5-4821-904F-45914D0C7E28}.Release|Any CPU.ActiveCfg = Release|Any CPU
		{E2D44262-DDE5-4821-904F-45914D0C7E28}.Release|Any CPU.Build.0 = Release|Any CPU
		{22F01A26-FC74-4AF9-A210-F6F568A51112}.Debug|Any CPU.ActiveCfg = Debug|Any CPU
		{22F01A26-FC74-4AF9-A210-F6F568A51112}.Debug|Any CPU.Build.0 = Debug|Any CPU
		{22F01A26-FC74-4AF9-A210-F6F568A51112}.Release|Any CPU.ActiveCfg = Release|Any CPU
		{22F01A26-FC74-4AF9-A210-F6F568A51112}.Release|Any CPU.Build.0 = Release|Any CPU
	EndGlobalSection
	GlobalSection(SolutionProperties) = preSolution
		HideSolutionNode = FALSE
	EndGlobalSection
	GlobalSection(ExtensibilityGlobals) = postSolution
		SolutionGuid = {39A9FB2F-2D11-4084-9248-F6E5ED857E24}
	EndGlobalSection
EndGlobal
